
Microsoft Visual Studio Solution File, Format Version 12.00
# Visual Studio 2013
VisualStudioVersion = 12.0.31101.0
MinimumVisualStudioVersion = 10.0.40219.1
Project("{FAE04EC0-301F-11D3-BF4B-00C04F79EFBC}") = "MVCWCFUygulamasi", "MVCWCFUygulamasi\MVCWCFUygulamasi.csproj", "{70A1AA09-90E3-4CE1-8826-2022C2C20095}"
	ProjectSection(ProjectDependencies) = postProject
		{036B1B03-6BCD-4D75-96E4-AE6AB26BAD54} = {036B1B03-6BCD-4D75-96E4-AE6AB26BAD54}
	EndProjectSection
EndProject
Project("{FAE04EC0-301F-11D3-BF4B-00C04F79EFBC}") = "AdventureWorksService", "AdventureWorksService\AdventureWorksService.csproj", "{036B1B03-6BCD-4D75-96E4-AE6AB26BAD54}"
EndProject
Global
	GlobalSection(SolutionConfigurationPlatforms) = preSolution
		Debug|Any CPU = Debug|Any CPU
		Release|Any CPU = Release|Any CPU
	EndGlobalSection
	GlobalSection(ProjectConfigurationPlatforms) = postSolution
		{70A1AA09-90E3-4CE1-8826-2022C2C20095}.Debug|Any CPU.ActiveCfg = Debug|Any CPU
		{70A1AA09-90E3-4CE1-8826-2022C2C20095}.Debug|Any CPU.Build.0 = Debug|Any CPU
		{70A1AA09-90E3-4CE1-8826-2022C2C20095}.Release|Any CPU.ActiveCfg = Release|Any CPU
		{70A1AA09-90E3-4CE1-8826-2022C2C20095}.Release|Any CPU.Build.0 = Release|Any CPU
		{036B1B03-6BCD-4D75-96E4-AE6AB26BAD54}.Debug|Any CPU.ActiveCfg = Debug|Any CPU
		{036B1B03-6BCD-4D75-96E4-AE6AB26BAD54}.Debug|Any CPU.Build.0 = Debug|Any CPU
		{036B1B03-6BCD-4D75-96E4-AE6AB26BAD54}.Release|Any CPU.ActiveCfg = Release|Any CPU
		{036B1B03-6BCD-4D75-96E4-AE6AB26BAD54}.Release|Any CPU.Build.0 = Release|Any CPU
	EndGlobalSection
	GlobalSection(SolutionProperties) = preSolution
		HideSolutionNode = FALSE
	EndGlobalSection
EndGlobal
